
Microsoft Visual Studio Solution File, Format Version 12.00
Project("{FAE04EC0-301F-11D3-BF4B-00C04F79EFBC}") = "DynamicDocsWPF", "DynamicDocsWPF\DynamicDocsWPF.csproj", "{A6ACD2BB-6D00-476F-860A-FC4CB5CD2A86}"
EndProject
Project("{FAE04EC0-301F-11D3-BF4B-00C04F79EFBC}") = "XmlProcessor", "XmlProcessor\XmlProcessor.csproj", "{B8CB0814-D885-4176-80FF-CF86CC55454A}"
EndProject
Project("{FAE04EC0-301F-11D3-BF4B-00C04F79EFBC}") = "RestService", "RestService\RestService.csproj", "{9C8CF696-190C-4B16-AC4F-7046840A0EC0}"
EndProject
Project("{FAE04EC0-301F-11D3-BF4B-00C04F79EFBC}") = "WebServer", "WebServer\WebServer.csproj", "{BF249F9A-EBF0-4AAE-A7B9-28C08911D7C5}"
EndProject
Global
	GlobalSection(SolutionConfigurationPlatforms) = preSolution
		Debug|Any CPU = Debug|Any CPU
		Release|Any CPU = Release|Any CPU
	EndGlobalSection
	GlobalSection(ProjectConfigurationPlatforms) = postSolution
		{A6ACD2BB-6D00-476F-860A-FC4CB5CD2A86}.Debug|Any CPU.ActiveCfg = Debug|Any CPU
		{A6ACD2BB-6D00-476F-860A-FC4CB5CD2A86}.Debug|Any CPU.Build.0 = Debug|Any CPU
		{A6ACD2BB-6D00-476F-860A-FC4CB5CD2A86}.Release|Any CPU.ActiveCfg = Release|Any CPU
		{A6ACD2BB-6D00-476F-860A-FC4CB5CD2A86}.Release|Any CPU.Build.0 = Release|Any CPU
		{B8CB0814-D885-4176-80FF-CF86CC55454A}.Debug|Any CPU.ActiveCfg = Debug|Any CPU
		{B8CB0814-D885-4176-80FF-CF86CC55454A}.Debug|Any CPU.Build.0 = Debug|Any CPU
		{B8CB0814-D885-4176-80FF-CF86CC55454A}.Release|Any CPU.ActiveCfg = Release|Any CPU
		{B8CB0814-D885-4176-80FF-CF86CC55454A}.Release|Any CPU.Build.0 = Release|Any CPU
		{9C8CF696-190C-4B16-AC4F-7046840A0EC0}.Debug|Any CPU.ActiveCfg = Debug|Any CPU
		{9C8CF696-190C-4B16-AC4F-7046840A0EC0}.Debug|Any CPU.Build.0 = Debug|Any CPU
		{9C8CF696-190C-4B16-AC4F-7046840A0EC0}.Release|Any CPU.ActiveCfg = Release|Any CPU
		{9C8CF696-190C-4B16-AC4F-7046840A0EC0}.Release|Any CPU.Build.0 = Release|Any CPU
		{BF249F9A-EBF0-4AAE-A7B9-28C08911D7C5}.Debug|Any CPU.ActiveCfg = Debug|Any CPU
		{BF249F9A-EBF0-4AAE-A7B9-28C08911D7C5}.Debug|Any CPU.Build.0 = Debug|Any CPU
		{BF249F9A-EBF0-4AAE-A7B9-28C08911D7C5}.Release|Any CPU.ActiveCfg = Release|Any CPU
		{BF249F9A-EBF0-4AAE-A7B9-28C08911D7C5}.Release|Any CPU.Build.0 = Release|Any CPU
	EndGlobalSection
EndGlobal
